
Microsoft Visual Studio Solution File, Format Version 12.00
# Visual Studio 15
VisualStudioVersion = 15.0.28307.168
MinimumVisualStudioVersion = 10.0.40219.1
Project("{FAE04EC0-301F-11D3-BF4B-00C04F79EFBC}") = "Uygulama9", "Uygulama9\Uygulama9.csproj", "{549E2F55-927D-4072-946F-361BB69D0379}"
EndProject
Project("{FAE04EC0-301F-11D3-BF4B-00C04F79EFBC}") = "Soru2", "Soru2\Soru2.csproj", "{D69D16F4-C39C-451E-AADB-18AA5F3155A5}"
EndProject
Project("{FAE04EC0-301F-11D3-BF4B-00C04F79EFBC}") = "Soru3", "Soru3\Soru3.csproj", "{4E11E0A1-2EB0-4135-AD0A-10AC663DC816}"
EndProject
Global
	GlobalSection(SolutionConfigurationPlatforms) = preSolution
		Debug|Any CPU = Debug|Any CPU
		Release|Any CPU = Release|Any CPU
	EndGlobalSection
	GlobalSection(ProjectConfigurationPlatforms) = postSolution
		{549E2F55-927D-4072-946F-361BB69D0379}.Debug|Any CPU.ActiveCfg = Debug|Any CPU
		{549E2F55-927D-4072-946F-361BB69D0379}.Debug|Any CPU.Build.0 = Debug|Any CPU
		{549E2F55-927D-4072-946F-361BB69D0379}.Release|Any CPU.ActiveCfg = Release|Any CPU
		{549E2F55-927D-4072-946F-361BB69D0379}.Release|Any CPU.Build.0 = Release|Any CPU
		{D69D16F4-C39C-451E-AADB-18AA5F3155A5}.Debug|Any CPU.ActiveCfg = Debug|Any CPU
		{D69D16F4-C39C-451E-AADB-18AA5F3155A5}.Debug|Any CPU.Build.0 = Debug|Any CPU
		{D69D16F4-C39C-451E-AADB-18AA5F3155A5}.Release|Any CPU.ActiveCfg = Release|Any CPU
		{D69D16F4-C39C-451E-AADB-18AA5F3155A5}.Release|Any CPU.Build.0 = Release|Any CPU
		{4E11E0A1-2EB0-4135-AD0A-10AC663DC816}.Debug|Any CPU.ActiveCfg = Debug|Any CPU
		{4E11E0A1-2EB0-4135-AD0A-10AC663DC816}.Debug|Any CPU.Build.0 = Debug|Any CPU
		{4E11E0A1-2EB0-4135-AD0A-10AC663DC816}.Release|Any CPU.ActiveCfg = Release|Any CPU
		{4E11E0A1-2EB0-4135-AD0A-10AC663DC816}.Release|Any CPU.Build.0 = Release|Any CPU
	EndGlobalSection
	GlobalSection(SolutionProperties) = preSolution
		HideSolutionNode = FALSE
	EndGlobalSection
	GlobalSection(ExtensibilityGlobals) = postSolution
		SolutionGuid = {A7331C1F-16A8-4F06-BE12-03CD3362BE8D}
	EndGlobalSection
EndGlobal
